
Microsoft Visual Studio Solution File, Format Version 12.00
# Visual Studio Version 17
VisualStudioVersion = 17.10.34916.146
MinimumVisualStudioVersion = 10.0.40219.1
Project("{9A19103F-16F7-4668-BE54-9A1E7A4F7556}") = "GanhoDeCapital.Application", "GanhoDeCapital.Application\GanhoDeCapital.Application.csproj", "{35B0299F-B540-4D5B-8CC3-68347F5461D6}"
EndProject
Project("{9A19103F-16F7-4668-BE54-9A1E7A4F7556}") = "GanhoDeCapital.Domain", "GanhoDeCapital.Domain\GanhoDeCapital.Domain.csproj", "{9188C94C-0744-431C-BBDC-2BFF75EDF3E3}"
EndProject
Project("{9A19103F-16F7-4668-BE54-9A1E7A4F7556}") = "GanhoDeCapital.Application.Tests", "GanhoDeCapital.Application.Tests\GanhoDeCapital.Application.Tests.csproj", "{2D479E80-7E79-47CF-98C6-722507800EB6}"
EndProject
Project("{9A19103F-16F7-4668-BE54-9A1E7A4F7556}") = "GanhoDeCapital.Domain.Tests", "GanhoDeCapital.Domain.Tests\GanhoDeCapital.Domain.Tests.csproj", "{7FFE0647-8ACF-4009-B5BE-E4B7C304A2F8}"
EndProject
Project("{9A19103F-16F7-4668-BE54-9A1E7A4F7556}") = "GanhoDeCapital.MainConsole", "GanhoDeCapital.MainConsole\GanhoDeCapital.MainConsole.csproj", "{591B9B92-983C-486B-8095-34B8976E8A16}"
EndProject
Global
	GlobalSection(SolutionConfigurationPlatforms) = preSolution
		Debug|Any CPU = Debug|Any CPU
		Release|Any CPU = Release|Any CPU
	EndGlobalSection
	GlobalSection(ProjectConfigurationPlatforms) = postSolution
		{35B0299F-B540-4D5B-8CC3-68347F5461D6}.Debug|Any CPU.ActiveCfg = Debug|Any CPU
		{35B0299F-B540-4D5B-8CC3-68347F5461D6}.Debug|Any CPU.Build.0 = Debug|Any CPU
		{35B0299F-B540-4D5B-8CC3-68347F5461D6}.Release|Any CPU.ActiveCfg = Release|Any CPU
		{35B0299F-B540-4D5B-8CC3-68347F5461D6}.Release|Any CPU.Build.0 = Release|Any CPU
		{9188C94C-0744-431C-BBDC-2BFF75EDF3E3}.Debug|Any CPU.ActiveCfg = Debug|Any CPU
		{9188C94C-0744-431C-BBDC-2BFF75EDF3E3}.Debug|Any CPU.Build.0 = Debug|Any CPU
		{9188C94C-0744-431C-BBDC-2BFF75EDF3E3}.Release|Any CPU.ActiveCfg = Release|Any CPU
		{9188C94C-0744-431C-BBDC-2BFF75EDF3E3}.Release|Any CPU.Build.0 = Release|Any CPU
		{2D479E80-7E79-47CF-98C6-722507800EB6}.Debug|Any CPU.ActiveCfg = Debug|Any CPU
		{2D479E80-7E79-47CF-98C6-722507800EB6}.Debug|Any CPU.Build.0 = Debug|Any CPU
		{2D479E80-7E79-47CF-98C6-722507800EB6}.Release|Any CPU.ActiveCfg = Release|Any CPU
		{2D479E80-7E79-47CF-98C6-722507800EB6}.Release|Any CPU.Build.0 = Release|Any CPU
		{7FFE0647-8ACF-4009-B5BE-E4B7C304A2F8}.Debug|Any CPU.ActiveCfg = Debug|Any CPU
		{7FFE0647-8ACF-4009-B5BE-E4B7C304A2F8}.Debug|Any CPU.Build.0 = Debug|Any CPU
		{7FFE0647-8ACF-4009-B5BE-E4B7C304A2F8}.Release|Any CPU.ActiveCfg = Release|Any CPU
		{7FFE0647-8ACF-4009-B5BE-E4B7C304A2F8}.Release|Any CPU.Build.0 = Release|Any CPU
		{591B9B92-983C-486B-8095-34B8976E8A16}.Debug|Any CPU.ActiveCfg = Debug|Any CPU
		{591B9B92-983C-486B-8095-34B8976E8A16}.Debug|Any CPU.Build.0 = Debug|Any CPU
		{591B9B92-983C-486B-8095-34B8976E8A16}.Release|Any CPU.ActiveCfg = Release|Any CPU
		{591B9B92-983C-486B-8095-34B8976E8A16}.Release|Any CPU.Build.0 = Release|Any CPU
	EndGlobalSection
	GlobalSection(SolutionProperties) = preSolution
		HideSolutionNode = FALSE
	EndGlobalSection
	GlobalSection(ExtensibilityGlobals) = postSolution
		SolutionGuid = {F659C14F-95FF-4580-8C2C-5923526BDC4E}
	EndGlobalSection
EndGlobal
